
Microsoft Visual Studio Solution File, Format Version 12.00
# Visual Studio Version 16
VisualStudioVersion = 16.0.30523.141
MinimumVisualStudioVersion = 10.0.40219.1
Project("{FAE04EC0-301F-11D3-BF4B-00C04F79EFBC}") = "Programación Orientada a Objetos-JorgeMadrid", "Programación Orientada a Objetos-JorgeMadrid.csproj", "{70D8D051-4A1D-4A43-ADE7-3D7B1CE4D5C0}"
EndProject
Global
	GlobalSection(SolutionConfigurationPlatforms) = preSolution
		Debug|Any CPU = Debug|Any CPU
		Release|Any CPU = Release|Any CPU
	EndGlobalSection
	GlobalSection(ProjectConfigurationPlatforms) = postSolution
		{70D8D051-4A1D-4A43-ADE7-3D7B1CE4D5C0}.Debug|Any CPU.ActiveCfg = Debug|Any CPU
		{70D8D051-4A1D-4A43-ADE7-3D7B1CE4D5C0}.Debug|Any CPU.Build.0 = Debug|Any CPU
		{70D8D051-4A1D-4A43-ADE7-3D7B1CE4D5C0}.Release|Any CPU.ActiveCfg = Release|Any CPU
		{70D8D051-4A1D-4A43-ADE7-3D7B1CE4D5C0}.Release|Any CPU.Build.0 = Release|Any CPU
	EndGlobalSection
	GlobalSection(SolutionProperties) = preSolution
		HideSolutionNode = FALSE
	EndGlobalSection
	GlobalSection(ExtensibilityGlobals) = postSolution
		SolutionGuid = {B6239BAD-CDE5-4545-AB5F-289A11E262C1}
	EndGlobalSection
EndGlobal
